
Microsoft Visual Studio Solution File, Format Version 12.00
# Visual Studio Version 17
VisualStudioVersion = 17.14.36811.4
MinimumVisualStudioVersion = 10.0.40219.1
Project("{2150E333-8FDC-42A3-9474-1A3956D46DE8}") = "Task0", "Task0", "{02EA681E-C7D8-13C7-8484-4AC65E1B71E8}"
EndProject
Project("{FAE04EC0-301F-11D3-BF4B-00C04F79EFBC}") = "Tyuiu.PyrkinAA.Sprint1.Task0.V20", "Tyuiu.PyrkinAA.Sprint1.Task0.V20\Tyuiu.PyrkinAA.Sprint1.Task0.V20.csproj", "{679405B2-B840-4134-B455-B8ECCB53FD5D}"
EndProject
Project("{FAE04EC0-301F-11D3-BF4B-00C04F79EFBC}") = "Tyuiu.PyrkinAA.Sprint1.Task0.V20.Lib", "Tyuiu.PyrkinAA.Sprint1.Task0.V20.Lib\Tyuiu.PyrkinAA.Sprint1.Task0.V20.Lib.csproj", "{06AFFFCB-C5F6-4B7E-BE13-5AD0770DAA17}"
EndProject
Project("{FAE04EC0-301F-11D3-BF4B-00C04F79EFBC}") = "Tyuiu.PyrkinAA.Sprint1.Task0.V20.Test", "Tyuiu.PyrkinAA.Sprint1.Task0.V20.Test\Tyuiu.PyrkinAA.Sprint1.Task0.V20.Test.csproj", "{E135BFE8-438E-4699-9779-71BD1242E022}"
EndProject
Project("{2150E333-8FDC-42A3-9474-1A3956D46DE8}") = "Task1", "Task1", "{257A3DD4-9343-476F-AB39-1583826D9529}"
EndProject
Project("{FAE04EC0-301F-11D3-BF4B-00C04F79EFBC}") = "Tyuiu.PyrkinAA.Sprint1.Task1.V3", "Tyuiu.PyrkinAA.Sprint1.Task1.V3\Tyuiu.PyrkinAA.Sprint1.Task1.V3.csproj", "{C913D32F-BF9A-45F8-8A80-18988D7D3170}"
EndProject
Project("{FAE04EC0-301F-11D3-BF4B-00C04F79EFBC}") = "Tyuiu.PyrkinAA.Sprint1.Task1.V3.Test", "Tyuiu.PyrkinAA.Sprint1.Task1.V3.Test\Tyuiu.PyrkinAA.Sprint1.Task1.V3.Test.csproj", "{48CE9D75-2E82-497A-9110-0C85967C1A93}"
EndProject
Project("{FAE04EC0-301F-11D3-BF4B-00C04F79EFBC}") = "Tyuiu.PyrkinAA.Sprint1.Task1.V3.Lib", "Tyuiu.PyrkinAA.Sprint1.Task1.V3.Lib\Tyuiu.PyrkinAA.Sprint1.Task1.V3.Lib.csproj", "{EAC77903-4F00-4565-9E5B-C265583322DF}"
EndProject
Project("{2150E333-8FDC-42A3-9474-1A3956D46DE8}") = "Task2", "Task2", "{A2B2C14E-C32B-4200-B184-442E5428923C}"
EndProject
Project("{FAE04EC0-301F-11D3-BF4B-00C04F79EFBC}") = "Tyuiu.PyrkinAA.Sprint1.Task2.V19", "Tyuiu.PyrkinAA.Sprint1.Task2.V19\Tyuiu.PyrkinAA.Sprint1.Task2.V19.csproj", "{8F53644D-CC58-459E-AD1F-E7A75077CC3B}"
EndProject
Project("{FAE04EC0-301F-11D3-BF4B-00C04F79EFBC}") = "Tyuiu.PyrkinAA.Sprint1.Task2.V19.Lib", "Tyuiu.PyrkinAA.Sprint1.Task2.V19.Lib\Tyuiu.PyrkinAA.Sprint1.Task2.V19.Lib.csproj", "{8578115E-5C17-4B71-91EC-4EAFC8F2DCE0}"
EndProject
Project("{FAE04EC0-301F-11D3-BF4B-00C04F79EFBC}") = "Tyuiu.PyrkinAA.Sprint1.Task2.V19.Test", "Tyuiu.PyrkinAA.Sprint1.Task2.V19.Test\Tyuiu.PyrkinAA.Sprint1.Task2.V19.Test.csproj", "{BBC49F94-677F-4AF2-82F6-14285E294CEB}"
EndProject
Project("{2150E333-8FDC-42A3-9474-1A3956D46DE8}") = "Task3", "Task3", "{35FF9699-6A13-4738-8449-BCF035ACF3BC}"
EndProject
Project("{FAE04EC0-301F-11D3-BF4B-00C04F79EFBC}") = "Tyuiu.PyrkinAA.Sprint1.Task3.V2", "Tyuiu.PyrkinAA.Sprint1.Task3.V2\Tyuiu.PyrkinAA.Sprint1.Task3.V2.csproj", "{C9F8200A-9C45-4B00-A74B-081A80939FE9}"
EndProject
Project("{FAE04EC0-301F-11D3-BF4B-00C04F79EFBC}") = "Tyuiu.PyrkinAA.Sprint1.Task3.V2.Test", "Tyuiu.PyrkinAA.Sprint1.Task3.V2.Test\Tyuiu.PyrkinAA.Sprint1.Task3.V2.Test.csproj", "{5F2C4064-C4F3-4051-9B60-72A4FF247199}"
EndProject
Project("{FAE04EC0-301F-11D3-BF4B-00C04F79EFBC}") = "Tyuiu.PyrkinAA.Sprint1.Task3.V2.Lib", "Tyuiu.PyrkinAA.Sprint1.Task3.V2.Lib\Tyuiu.PyrkinAA.Sprint1.Task3.V2.Lib.csproj", "{8DF24FC7-9F14-4621-8898-B00547CFE722}"
EndProject
Project("{2150E333-8FDC-42A3-9474-1A3956D46DE8}") = "Task4", "Task4", "{1C61E1BC-45F1-450D-A9D2-D08448A9AA24}"
EndProject
Project("{FAE04EC0-301F-11D3-BF4B-00C04F79EFBC}") = "Tyuiu.PyrkinAA.Sprint1.Task4.V20", "Tyuiu.PyrkinAA.Sprint1.Task4.V20\Tyuiu.PyrkinAA.Sprint1.Task4.V20.csproj", "{A194AF56-F2B8-4DAA-8348-8E1C1A44FF4F}"
EndProject
Project("{FAE04EC0-301F-11D3-BF4B-00C04F79EFBC}") = "Tyuiu.PyrkinAA.Sprint1.Task4.V20.Lib", "Tyuiu.PyrkinAA.Sprint1.Task4.V20.Lib\Tyuiu.PyrkinAA.Sprint1.Task4.V20.Lib.csproj", "{E7839F50-0BB1-4022-9B88-8FDE1D071375}"
EndProject
Project("{FAE04EC0-301F-11D3-BF4B-00C04F79EFBC}") = "Tyuiu.PyrkinAA.Sprint1.Task4.V20.Test", "Tyuiu.PyrkinAA.Sprint1.Task4.V20.Test\Tyuiu.PyrkinAA.Sprint1.Task4.V20.Test.csproj", "{EB115FDA-BE5C-4594-9AF2-540F61F1B2B3}"
EndProject
Project("{2150E333-8FDC-42A3-9474-1A3956D46DE8}") = "Task5", "Task5", "{4A3EAF6A-5B24-41AA-B1C0-1656AD93165A}"
EndProject
Project("{FAE04EC0-301F-11D3-BF4B-00C04F79EFBC}") = "Tyuiu.PyrkinAA.Sprint1.Task5.V4", "Tyuiu.PyrkinAA.Sprint1.Task5.V4\Tyuiu.PyrkinAA.Sprint1.Task5.V4.csproj", "{CE269BE9-CEEB-4D4B-918F-0798E9580B7F}"
EndProject
Project("{FAE04EC0-301F-11D3-BF4B-00C04F79EFBC}") = "Tyuiu.PyrkinAA.Sprint1.Task5.V4.Lib", "Tyuiu.PyrkinAA.Sprint1.Task5.V4.Lib\Tyuiu.PyrkinAA.Sprint1.Task5.V4.Lib.csproj", "{67E6422E-B750-4D1A-B0A3-EEA4C1FD4794}"
EndProject
Project("{FAE04EC0-301F-11D3-BF4B-00C04F79EFBC}") = "Tyuiu.PyrkinAA.Sprint1.Task5.V4.Test", "Tyuiu.PyrkinAA.Sprint1.Task5.V4.Test\Tyuiu.PyrkinAA.Sprint1.Task5.V4.Test.csproj", "{B53F5218-4C83-4ED0-9D80-45CA163C024B}"
EndProject
Global
	GlobalSection(SolutionConfigurationPlatforms) = preSolution
		Debug|Any CPU = Debug|Any CPU
		Release|Any CPU = Release|Any CPU
	EndGlobalSection
	GlobalSection(ProjectConfigurationPlatforms) = postSolution
		{679405B2-B840-4134-B455-B8ECCB53FD5D}.Debug|Any CPU.ActiveCfg = Debug|Any CPU
		{679405B2-B840-4134-B455-B8ECCB53FD5D}.Debug|Any CPU.Build.0 = Debug|Any CPU
		{679405B2-B840-4134-B455-B8ECCB53FD5D}.Release|Any CPU.ActiveCfg = Release|Any CPU
		{679405B2-B840-4134-B455-B8ECCB53FD5D}.Release|Any CPU.Build.0 = Release|Any CPU
		{06AFFFCB-C5F6-4B7E-BE13-5AD0770DAA17}.Debug|Any CPU.ActiveCfg = Debug|Any CPU
		{06AFFFCB-C5F6-4B7E-BE13-5AD0770DAA17}.Debug|Any CPU.Build.0 = Debug|Any CPU
		{06AFFFCB-C5F6-4B7E-BE13-5AD0770DAA17}.Release|Any CPU.ActiveCfg = Release|Any CPU
		{06AFFFCB-C5F6-4B7E-BE13-5AD0770DAA17}.Release|Any CPU.Build.0 = Release|Any CPU
		{E135BFE8-438E-4699-9779-71BD1242E022}.Debug|Any CPU.ActiveCfg = Debug|Any CPU
		{E135BFE8-438E-4699-9779-71BD1242E022}.Debug|Any CPU.Build.0 = Debug|Any CPU
		{E135BFE8-438E-4699-9779-71BD1242E022}.Release|Any CPU.ActiveCfg = Release|Any CPU
		{E135BFE8-438E-4699-9779-71BD1242E022}.Release|Any CPU.Build.0 = Release|Any CPU
		{C913D32F-BF9A-45F8-8A80-18988D7D3170}.Debug|Any CPU.ActiveCfg = Debug|Any CPU
		{C913D32F-BF9A-45F8-8A80-18988D7D3170}.Debug|Any CPU.Build.0 = Debug|Any CPU
		{C913D32F-BF9A-45F8-8A80-18988D7D3170}.Release|Any CPU.ActiveCfg = Release|Any CPU
		{C913D32F-BF9A-45F8-8A80-18988D7D3170}.Release|Any CPU.Build.0 = Release|Any CPU
		{48CE9D75-2E82-497A-9110-0C85967C1A93}.Debug|Any CPU.ActiveCfg = Debug|Any CPU
		{48CE9D75-2E82-497A-9110-0C85967C1A93}.Debug|Any CPU.Build.0 = Debug|Any CPU
		{48CE9D75-2E82-497A-9110-0C85967C1A93}.Release|Any CPU.ActiveCfg = Release|Any CPU
		{48CE9D75-2E82-497A-9110-0C85967C1A93}.Release|Any CPU.Build.0 = Release|Any CPU
		{EAC77903-4F00-4565-9E5B-C265583322DF}.Debug|Any CPU.ActiveCfg = Debug|Any CPU
		{EAC77903-4F00-4565-9E5B-C265583322DF}.Debug|Any CPU.Build.0 = Debug|Any CPU
		{EAC77903-4F00-4565-9E5B-C265583322DF}.Release|Any CPU.ActiveCfg = Release|Any CPU
		{EAC77903-4F00-4565-9E5B-C265583322DF}.Release|Any CPU.Build.0 = Release|Any CPU
		{8F53644D-CC58-459E-AD1F-E7A75077CC3B}.Debug|Any CPU.ActiveCfg = Debug|Any CPU
		{8F53644D-CC58-459E-AD1F-E7A75077CC3B}.Debug|Any CPU.Build.0 = Debug|Any CPU
		{8F53644D-CC58-459E-AD1F-E7A75077CC3B}.Release|Any CPU.ActiveCfg = Release|Any CPU
		{8F53644D-CC58-459E-AD1F-E7A75077CC3B}.Release|Any CPU.Build.0 = Release|Any CPU
		{8578115E-5C17-4B71-91EC-4EAFC8F2DCE0}.Debug|Any CPU.ActiveCfg = Debug|Any CPU
		{8578115E-5C17-4B71-91EC-4EAFC8F2DCE0}.Debug|Any CPU.Build.0 = Debug|Any CPU
		{8578115E-5C17-4B71-91EC-4EAFC8F2DCE0}.Release|Any CPU.ActiveCfg = Release|Any CPU
		{8578115E-5C17-4B71-91EC-4EAFC8F2DCE0}.Release|Any CPU.Build.0 = Release|Any CPU
		{BBC49F94-677F-4AF2-82F6-14285E294CEB}.Debug|Any CPU.ActiveCfg = Debug|Any CPU
		{BBC49F94-677F-4AF2-82F6-14285E294CEB}.Debug|Any CPU.Build.0 = Debug|Any CPU
		{BBC49F94-677F-4AF2-82F6-14285E294CEB}.Release|Any CPU.ActiveCfg = Release|Any CPU
		{BBC49F94-677F-4AF2-82F6-14285E294CEB}.Release|Any CPU.Build.0 = Release|Any CPU
		{C9F8200A-9C45-4B00-A74B-081A80939FE9}.Debug|Any CPU.ActiveCfg = Debug|Any CPU
		{C9F8200A-9C45-4B00-A74B-081A80939FE9}.Debug|Any CPU.Build.0 = Debug|Any CPU
		{C9F8200A-9C45-4B00-A74B-081A80939FE9}.Release|Any CPU.ActiveCfg = Release|Any CPU
		{C9F8200A-9C45-4B00-A74B-081A80939FE9}.Release|Any CPU.Build.0 = Release|Any CPU
		{5F2C4064-C4F3-4051-9B60-72A4FF247199}.Debug|Any CPU.ActiveCfg = Debug|Any CPU
		{5F2C4064-C4F3-4051-9B60-72A4FF247199}.Debug|Any CPU.Build.0 = Debug|Any CPU
		{5F2C4064-C4F3-4051-9B60-72A4FF247199}.Release|Any CPU.ActiveCfg = Release|Any CPU
		{5F2C4064-C4F3-4051-9B60-72A4FF247199}.Release|Any CPU.Build.0 = Release|Any CPU
		{8DF24FC7-9F14-4621-8898-B00547CFE722}.Debug|Any CPU.ActiveCfg = Debug|Any CPU
		{8DF24FC7-9F14-4621-8898-B00547CFE722}.Debug|Any CPU.Build.0 = Debug|Any CPU
		{8DF24FC7-9F14-4621-8898-B00547CFE722}.Release|Any CPU.ActiveCfg = Release|Any CPU
		{8DF24FC7-9F14-4621-8898-B00547CFE722}.Release|Any CPU.Build.0 = Release|Any CPU
		{A194AF56-F2B8-4DAA-8348-8E1C1A44FF4F}.Debug|Any CPU.ActiveCfg = Debug|Any CPU
		{A194AF56-F2B8-4DAA-8348-8E1C1A44FF4F}.Debug|Any CPU.Build.0 = Debug|Any CPU
		{A194AF56-F2B8-4DAA-8348-8E1C1A44FF4F}.Release|Any CPU.ActiveCfg = Release|Any CPU
		{A194AF56-F2B8-4DAA-8348-8E1C1A44FF4F}.Release|Any CPU.Build.0 = Release|Any CPU
		{E7839F50-0BB1-4022-9B88-8FDE1D071375}.Debug|Any CPU.ActiveCfg = Debug|Any CPU
		{E7839F50-0BB1-4022-9B88-8FDE1D071375}.Debug|Any CPU.Build.0 = Debug|Any CPU
		{E7839F50-0BB1-4022-9B88-8FDE1D071375}.Release|Any CPU.ActiveCfg = Release|Any CPU
		{E7839F50-0BB1-4022-9B88-8FDE1D071375}.Release|Any CPU.Build.0 = Release|Any CPU
		{EB115FDA-BE5C-4594-9AF2-540F61F1B2B3}.Debug|Any CPU.ActiveCfg = Debug|Any CPU
		{EB115FDA-BE5C-4594-9AF2-540F61F1B2B3}.Debug|Any CPU.Build.0 = Debug|Any CPU
		{EB115FDA-BE5C-4594-9AF2-540F61F1B2B3}.Release|Any CPU.ActiveCfg = Release|Any CPU
		{EB115FDA-BE5C-4594-9AF2-540F61F1B2B3}.Release|Any CPU.Build.0 = Release|Any CPU
		{CE269BE9-CEEB-4D4B-918F-0798E9580B7F}.Debug|Any CPU.ActiveCfg = Debug|Any CPU
		{CE269BE9-CEEB-4D4B-918F-0798E9580B7F}.Debug|Any CPU.Build.0 = Debug|Any CPU
		{CE269BE9-CEEB-4D4B-918F-0798E9580B7F}.Release|Any CPU.ActiveCfg = Release|Any CPU
		{CE269BE9-CEEB-4D4B-918F-0798E9580B7F}.Release|Any CPU.Build.0 = Release|Any CPU
		{67E6422E-B750-4D1A-B0A3-EEA4C1FD4794}.Debug|Any CPU.ActiveCfg = Debug|Any CPU
		{67E6422E-B750-4D1A-B0A3-EEA4C1FD4794}.Debug|Any CPU.Build.0 = Debug|Any CPU
		{67E6422E-B750-4D1A-B0A3-EEA4C1FD4794}.Release|Any CPU.ActiveCfg = Release|Any CPU
		{67E6422E-B750-4D1A-B0A3-EEA4C1FD4794}.Release|Any CPU.Build.0 = Release|Any CPU
		{B53F5218-4C83-4ED0-9D80-45CA163C024B}.Debug|Any CPU.ActiveCfg = Debug|Any CPU
		{B53F5218-4C83-4ED0-9D80-45CA163C024B}.Debug|Any CPU.Build.0 = Debug|Any CPU
		{B53F5218-4C83-4ED0-9D80-45CA163C024B}.Release|Any CPU.ActiveCfg = Release|Any CPU
		{B53F5218-4C83-4ED0-9D80-45CA163C024B}.Release|Any CPU.Build.0 = Release|Any CPU
	EndGlobalSection
	GlobalSection(SolutionProperties) = preSolution
		HideSolutionNode = FALSE
	EndGlobalSection
	GlobalSection(NestedProjects) = preSolution
		{679405B2-B840-4134-B455-B8ECCB53FD5D} = {02EA681E-C7D8-13C7-8484-4AC65E1B71E8}
		{06AFFFCB-C5F6-4B7E-BE13-5AD0770DAA17} = {02EA681E-C7D8-13C7-8484-4AC65E1B71E8}
		{E135BFE8-438E-4699-9779-71BD1242E022} = {02EA681E-C7D8-13C7-8484-4AC65E1B71E8}
		{C913D32F-BF9A-45F8-8A80-18988D7D3170} = {257A3DD4-9343-476F-AB39-1583826D9529}
		{48CE9D75-2E82-497A-9110-0C85967C1A93} = {257A3DD4-9343-476F-AB39-1583826D9529}
		{EAC77903-4F00-4565-9E5B-C265583322DF} = {257A3DD4-9343-476F-AB39-1583826D9529}
		{8F53644D-CC58-459E-AD1F-E7A75077CC3B} = {A2B2C14E-C32B-4200-B184-442E5428923C}
		{8578115E-5C17-4B71-91EC-4EAFC8F2DCE0} = {A2B2C14E-C32B-4200-B184-442E5428923C}
		{BBC49F94-677F-4AF2-82F6-14285E294CEB} = {A2B2C14E-C32B-4200-B184-442E5428923C}
		{C9F8200A-9C45-4B00-A74B-081A80939FE9} = {35FF9699-6A13-4738-8449-BCF035ACF3BC}
		{5F2C4064-C4F3-4051-9B60-72A4FF247199} = {35FF9699-6A13-4738-8449-BCF035ACF3BC}
		{8DF24FC7-9F14-4621-8898-B00547CFE722} = {35FF9699-6A13-4738-8449-BCF035ACF3BC}
		{A194AF56-F2B8-4DAA-8348-8E1C1A44FF4F} = {1C61E1BC-45F1-450D-A9D2-D08448A9AA24}
		{E7839F50-0BB1-4022-9B88-8FDE1D071375} = {1C61E1BC-45F1-450D-A9D2-D08448A9AA24}
		{EB115FDA-BE5C-4594-9AF2-540F61F1B2B3} = {1C61E1BC-45F1-450D-A9D2-D08448A9AA24}
		{CE269BE9-CEEB-4D4B-918F-0798E9580B7F} = {4A3EAF6A-5B24-41AA-B1C0-1656AD93165A}
		{67E6422E-B750-4D1A-B0A3-EEA4C1FD4794} = {4A3EAF6A-5B24-41AA-B1C0-1656AD93165A}
		{B53F5218-4C83-4ED0-9D80-45CA163C024B} = {4A3EAF6A-5B24-41AA-B1C0-1656AD93165A}
	EndGlobalSection
	GlobalSection(ExtensibilityGlobals) = postSolution
		SolutionGuid = {5B614DF1-5F57-4F12-9DF1-4958D837BEB1}
	EndGlobalSection
EndGlobal
